
Microsoft Visual Studio Solution File, Format Version 12.00
# Visual Studio Version 16
VisualStudioVersion = 16.0.31321.278
MinimumVisualStudioVersion = 10.0.40219.1
Project("{FAE04EC0-301F-11D3-BF4B-00C04F79EFBC}") = "Veterinaria.Console", "Veterinaria.Console\Veterinaria.Console.csproj", "{3C5CE153-B77C-493E-97C0-344D3FE78DB0}"
EndProject
Project("{FAE04EC0-301F-11D3-BF4B-00C04F79EFBC}") = "Veterinaria.BibliotecaClases", "Veterinaria.BibliotecaClases\Veterinaria.BibliotecaClases.csproj", "{AFA98CE8-E050-442C-BD55-0224F0508AFC}"
EndProject
Global
	GlobalSection(SolutionConfigurationPlatforms) = preSolution
		Debug|Any CPU = Debug|Any CPU
		Release|Any CPU = Release|Any CPU
	EndGlobalSection
	GlobalSection(ProjectConfigurationPlatforms) = postSolution
		{3C5CE153-B77C-493E-97C0-344D3FE78DB0}.Debug|Any CPU.ActiveCfg = Debug|Any CPU
		{3C5CE153-B77C-493E-97C0-344D3FE78DB0}.Debug|Any CPU.Build.0 = Debug|Any CPU
		{3C5CE153-B77C-493E-97C0-344D3FE78DB0}.Release|Any CPU.ActiveCfg = Release|Any CPU
		{3C5CE153-B77C-493E-97C0-344D3FE78DB0}.Release|Any CPU.Build.0 = Release|Any CPU
		{AFA98CE8-E050-442C-BD55-0224F0508AFC}.Debug|Any CPU.ActiveCfg = Debug|Any CPU
		{AFA98CE8-E050-442C-BD55-0224F0508AFC}.Debug|Any CPU.Build.0 = Debug|Any CPU
		{AFA98CE8-E050-442C-BD55-0224F0508AFC}.Release|Any CPU.ActiveCfg = Release|Any CPU
		{AFA98CE8-E050-442C-BD55-0224F0508AFC}.Release|Any CPU.Build.0 = Release|Any CPU
	EndGlobalSection
	GlobalSection(SolutionProperties) = preSolution
		HideSolutionNode = FALSE
	EndGlobalSection
	GlobalSection(ExtensibilityGlobals) = postSolution
		SolutionGuid = {F72A4FDB-C9E2-422B-BC48-2267C9432A4F}
	EndGlobalSection
EndGlobal
